version = 1
revision = 3
requires-python = ">=3.11, <4.0"

[[package]]
name = "aiofiles"
version = "25.1.0"
source = { registry = "https://pypi.org/simple" }
sdist = { url = "https://files.pythonhosted.org/packages/41/c3/534eac40372d8ee36ef40df62ec129bee4fdb5ad9706e58a29be53b2c970/aiofiles-25.1.0.tar.gz", hash = "sha256:a8d728f0a29de45dc521f18f07297428d56992a742f0cd2701ba86e44d23d5b2", size = 46354, upload-time = "2025-10-09T20:51:04.358Z" }
wheels = [
    { url = "https://files.pythonhosted.org/packages/bc/8a/340a1555ae33d7354dbca4faa54948d76d89a27ceef032c8c3bc661d003e/aiofiles-25.1.0-py3-none-any.whl", hash = "sha256:abe311e527c862958650f9438e859c1fa7568a141b22abcd015e120e86a85695", size = 14668, upload-time = "2025-10-09T20:51:03.174Z" },
]

[[package]]
name = "anyio"
version = "4.14.2"
source = { registry = "https://pypi.org/simple" }
dependencies = [
    { name = "idna" },
    { name = "typing-extensions", marker = "python_full_version < '3.13'" },
]
sdist = { url = "https://files.pythonhosted.org/packages/61/cc/a381afa6efea9f496eff839d4a6a1aed3bfafc7b3ab4b0d1b243a12573dd/anyio-4.14.2.tar.gz", hash = "sha256:cfa139f3ed1a23ee8f88a145ddb5ac7605b8bbfd8592baacd7ce3d8bb4313c7f", size = 260176, upload-time = "2026-07-12T20:29:07.082Z" }
wheels = [
    { url = "https://files.pythonhosted.org/packages/da/35/f2287558c17e29fafc8ef3daf819bb9834061cfa43bff8014f7df7f63bdc/anyio-4.14.2-py3-none-any.whl", hash = "sha256:9f505dda5ac9f0c8309b5e8bd445a8c2bf7246f3ce950121e45ea15bc41d1494", size = 125813, upload-time = "2026-07-12T20:29:05.763Z" },
]

[[package]]
name = "certifi"
version = "2026.7.22"
source = { registry = "https://pypi.org/simple" }
sdist = { url = "https://files.pythonhosted.org/packages/a3/c2/24167ea9858356b47a87a50d39908bfdb72ceeefe0041586e704e5376b3a/certifi-2026.7.22.tar.gz", hash = "sha256:741e2c3b351ddf169a738da9f2c048608ff7f2c5cc02f1ebc6b118bb090d5d55", size = 138112, upload-time = "2026-07-22T03:35:12.644Z" }
wheels = [
    { url = "https://files.pythonhosted.org/packages/0b/a7/71ac2cff56fec219ed242bb11b8efb69fcc4bec75db06fb7bfe35de520e6/certifi-2026.7.22-py3-none-any.whl", hash = "sha256:62f22742b58a1a33014a2b6b706588a8d7e2a88ae7bd1a6ebe8c992928483775", size = 136983, upload-time = "2026-07-22T03:35:11.276Z" },
]

[[package]]
name = "h11"
version = "0.16.0"
source = { registry = "https://pypi.org/simple" }
sdist = { url = "https://files.pythonhosted.org/packages/01/ee/02a2c011bdab74c6fb3c75474d40b3052059d95df7e73351460c8588d963/h11-0.16.0.tar.gz", hash = "sha256:4e35b956cf45792e4caa5885e69fba00bdbc6ffafbfa020300e549b208ee5ff1", size = 101250, upload-time = "2025-04-24T03:35:25.427Z" }
wheels = [
    { url = "https://files.pythonhosted.org/packages/04/4b/29cac41a4d98d144bf5f6d33995617b185d14b22401f75ca86f384e87ff1/h11-0.16.0-py3-none-any.whl", hash = "sha256:63cf8bbe7522de3bf65932fda1d9c2772064ffb3dae62d55932da54b31cb6c86", size = 37515, upload-time = "2025-04-24T03:35:24.344Z" },
]

[[package]]
name = "httpcore"
version = "1.0.9"
source = { registry = "https://pypi.org/simple" }
dependencies = [
    { name = "certifi" },
    { name = "h11" },
]
sdist = { url = "https://files.pythonhosted.org/packages/06/94/82699a10bca87a5556c9c59b5963f2d039dbd239f25bc2a63907a05a14cb/httpcore-1.0.9.tar.gz", hash = "sha256:6e34463af53fd2ab5d807f399a9b45ea31c3dfa2276f15a2c3f00afff6e176e8", size = 85484, upload-time = "2025-04-24T22:06:22.219Z" }
wheels = [
    { url = "https://files.pythonhosted.org/packages/7e/f5/f66802a942d491edb555dd61e3a9961140fd64c90bce1eafd741609d334d/httpcore-1.0.9-py3-none-any.whl", hash = "sha256:2d400746a40668fc9dec9810239072b40b4484b640a8c38fd654a024c7a1bf55", size = 78784, upload-time = "2025-04-24T22:06:20.566Z" },
]

[[package]]
name = "httpx"
version = "0.28.1"
source = { registry = "https://pypi.org/simple" }
dependencies = [
    { name = "anyio" },
    { name = "certifi" },
    { name = "httpcore" },
    { name = "idna" },
]
sdist = { url = "https://files.pythonhosted.org/packages/b1/df/48c586a5fe32a0f01324ee087459e112ebb7224f646c0b5023f5e79e9956/httpx-0.28.1.tar.gz", hash = "sha256:75e98c5f16b0f35b567856f597f06ff2270a374470a5c2392242528e3e3e42fc", size = 141406, upload-time = "2024-12-06T15:37:23.222Z" }
wheels = [
    { url = "https://files.pythonhosted.org/packages/2a/39/e50c7c3a983047577ee07d2a9e53faf5a69493943ec3f6a384bdc792deb2/httpx-0.28.1-py3-none-any.whl", hash = "sha256:d909fcccc110f8c7faf814ca82a9a4d816bc5a6dbfea25d6591d6985b8ba59ad", size = 73517, upload-time = "2024-12-06T15:37:21.509Z" },
]

[[package]]
name = "idna"
version = "3.19"
source = { registry = "https://pypi.org/simple" }
sdist = { url = "https://files.pythonhosted.org/packages/5f/f7/abb373e5757eaec4b922b92f97ec8d6d7e057cf06778247604fbc4e7c3f3/idna-3.19.tar.gz", hash = "sha256:5e0811a4383b21dc5838069f801c4fb62113b7447663d2530d2bd6e77b49bf15", size = 215237, upload-time = "2026-08-18T05:14:24.27Z" }
wheels = [
    { url = "https://files.pythonhosted.org/packages/57/b0/0e52c878c53f245edd3a11020f20979b3f490f245af532c7cae3027754b5/idna-3.19-py3-none-any.whl", hash = "sha256:815e7be7a7806d54abb586dc943addc79e8b2ee16915059658cbeff4b1b43bf4", size = 68550, upload-time = "2026-08-18T05:14:22.343Z" },
]

[[package]]
name = "pyexecjs"
version = "1.5.1"
source = { registry = "https://pypi.org/simple" }
dependencies = [
    { name = "six" },
]
sdist = { url = "https://files.pythonhosted.org/packages/ba/8e/aedef81641c8dca6fd0fb7294de5bed9c45f3397d67fddf755c1042c2642/PyExecJS-1.5.1.tar.gz", hash = "sha256:34cc1d070976918183ff7bdc0ad71f8157a891c92708c00c5fbbff7a769f505c", size = 13344, upload-time = "2018-01-18T04:33:55.126Z" }

[[package]]
name = "pytakumi"
version = "0.1.4"
source = { registry = "https://pypi.org/simple" }
sdist = { url = "https://files.pythonhosted.org/packages/ed/26/08f82a575960f04214b16984fb2a222d692594800e53b92ac8547172c69f/pytakumi-0.1.4.tar.gz", hash = "sha256:3fd96e9a3151dd8c99a172222583297299757700355aa92921bac0284ef6df71", size = 50267395, upload-time = "2026-07-31T00:18:12.614Z" }
wheels = [
    { url = "https://files.pythonhosted.org/packages/ca/57/2383fed58520518ea13ee33b8d84c4535902b66cbe5677ab5fc1251fe85f/pytakumi-0.1.4-cp311-cp311-macosx_11_0_arm64.whl", hash = "sha256:adb09434c1c4921cb09c27e7598eb512afcdcefac2044f50afb205dfa375c932", size = 3282579, upload-time = "2026-07-31T00:17:10.558Z" },
    { url = "https://files.pythonhosted.org/packages/0d/2b/8ee01d504da95df18bb262d6324de502d640cd12515ae76fa7b890e07c8e/pytakumi-0.1.4-cp311-cp311-macosx_11_0_x86_64.whl", hash = "sha256:9225697c91ce49f10e19566d5e52e8b0d68b3c983a26b27c7c149775f7080003", size = 3606758, upload-time = "2026-07-31T00:17:12.002Z" },
    { url = "https://files.pythonhosted.org/packages/a1/93/817deadce6d9f0898b9fe110d6d745500c3ec24351ebc11d2f87a3b2504e/pytakumi-0.1.4-cp311-cp311-manylinux_2_28_aarch64.whl", hash = "sha256:269a90619cd19fc1452efcee0f59a68a02b92f2a75f870f87112d07649848dd9", size = 3535166, upload-time = "2026-07-31T00:17:13.391Z" },
    { url = "https://files.pythonhosted.org/packages/45/23/b96115dd1b42ec593939dfb2027cb68a5a0c3614fce541a6111843ae4430/pytakumi-0.1.4-cp311-cp311-manylinux_2_28_x86_64.whl", hash = "sha256:87df71be85dcc14e953f17e6612133793658a35901293a040483eb204a7b1108", size = 3827521, upload-time = "2026-07-31T00:17:14.742Z" },
    { url = "https://files.pythonhosted.org/packages/a6/5e/e25d3c11d2837f2434e266c9fbc92f8978207c13e8cec1ef86ef9851997f/pytakumi-0.1.4-cp311-cp311-musllinux_1_2_aarch64.whl", hash = "sha256:b7dbf90a9511f5594364d67d088f9d7f41f5f2266397fca755280e0fe5740340", size = 3603378, upload-time = "2026-07-31T00:17:16.267Z" },
    { url = "https://files.pythonhosted.org/packages/b0/5a/88d59e3766cfc49c3fcd2a7ceb4512c106d9b864e73b34057113864040b2/pytakumi-0.1.4-cp311-cp311-musllinux_1_2_x86_64.whl", hash = "sha256:0c17f8e95fab1839a640eaaf21fcf1768894714d42cd2dc40213f791155544a4", size = 3944326, upload-time = "2026-07-31T00:17:18.078Z" },
    { url = "https://files.pythonhosted.org/packages/3d/a1/1a6c220818f81a8473a7d0b02142499a93779a1b86e744f0c8403cd87827/pytakumi-0.1.4-cp311-cp311-win_amd64.whl", hash = "sha256:6f7b6963de54ae95d37f3d6308e98c319d7c1b643718d777bd854412c8c795e4", size = 3615277, upload-time = "2026-07-31T00:17:19.732Z" },
    { url = "https://files.pythonhosted.org/packages/06/1a/07855901191e91f5770eb8b4e90285d094351212d64f4cac207febb99d6a/pytakumi-0.1.4-cp311-cp311-win_arm64.whl", hash = "sha256:3471d8b9052a9eb584a7a9b8aff7bcb09258992a6406c8a9fdcba803b3578504", size = 3365150, upload-time = "2026-07-31T00:17:21.213Z" },
    { url = "https://files.pythonhosted.org/packages/24/53/7fa981093ea632906243779a7927c909c9910ec30b6a8b1fac887d20a56f/pytakumi-0.1.4-cp312-cp312-macosx_11_0_arm64.whl", hash = "sha256:c01194a78f39b56919b7180616c8f861ac26a38a80a872eb52e9d166050e426d", size = 3282620, upload-time = "2026-07-31T00:17:22.741Z" },
    { url = "https://files.pythonhosted.org/packages/79/21/b9a02964186cc2cd6e535f2bd00fcb21360a5fe68d0c147d3e01399347d4/pytakumi-0.1.4-cp312-cp312-macosx_11_0_x86_64.whl", hash = "sha256:06674c75059c4a29f9a549a3bb1446c905d2fa7222bee657c31df807e65f4d33", size = 3608380, upload-time = "2026-07-31T00:17:24.451Z" },
    { url = "https://files.pythonhosted.org/packages/00/a4/e0b68b08125ea2e91ae77c1371f7dfe41af38c52dabf5df04415a8dfb766/pytakumi-0.1.4-cp312-cp312-manylinux_2_28_aarch64.whl", hash = "sha256:ccdda40d6c4be9733d37574ab112dace069839eb42eb47d752d5a48d9848be07", size = 3533636, upload-time = "2026-07-31T00:17:26.34Z" },
    { url = "https://files.pythonhosted.org/packages/e0/b7/5cde3a75a4c9048d09cdd7980c0dd710c3695a6912d8cecda831ccae7e6c/pytakumi-0.1.4-cp312-cp312-manylinux_2_28_x86_64.whl", hash = "sha256:7edfa3273bad2211a19c1c0b2dfff132ba5ab367ec91eb0805a89819267bd9c2", size = 3826248, upload-time = "2026-07-31T00:17:27.901Z" },
    { url = "https://files.pythonhosted.org/packages/e8/d8/45d273e91e40468c4fa84460847b8075531434e80cafe141bf5358916a5b/pytakumi-0.1.4-cp312-cp312-musllinux_1_2_aarch64.whl", hash = "sha256:d0aa747bb14dd50a12300d80c915c68d72a280da1a877e9546b5315eaa67da92", size = 3601989, upload-time = "2026-07-31T00:17:29.367Z" },
    { url = "https://files.pythonhosted.org/packages/85/6e/103223766832ac7fbbf65dc9540b110f96524efe3f554e6fb1076eff9767/pytakumi-0.1.4-cp312-cp312-musllinux_1_2_x86_64.whl", hash = "sha256:0711f1e205c6f032d8a2a3f591397dab905fcd4367db9a65da6a849b28ea904b", size = 3942665, upload-time = "2026-07-31T00:17:30.723Z" },
    { url = "https://files.pythonhosted.org/packages/6f/b8/72f33f3dacfedba2a90b3cb897454bda27aa9da553538546783a345c7e32/pytakumi-0.1.4-cp312-cp312-win_amd64.whl", hash = "sha256:bf2deab17026c814e48bf290af710baec346999addd9d4b80c0ea6db719f0b1d", size = 3613555, upload-time = "2026-07-31T00:17:32.321Z" },
    { url = "https://files.pythonhosted.org/packages/2c/40/bcff16733d28c94e6725604e8ae17af9bfa631785449255c6233df60c3c1/pytakumi-0.1.4-cp312-cp312-win_arm64.whl", hash = "sha256:2504a82a64f1a402e12f70163590345d20bcb5b3a58d5ab45d0b2f858f78af4f", size = 3362219, upload-time = "2026-07-31T00:17:33.87Z" },
    { url = "https://files.pythonhosted.org/packages/11/91/324f0ff8286b7765a351e1abf5fcd94cf8ef126e0bf34d9c366667041453/pytakumi-0.1.4-cp313-cp313-macosx_11_0_arm64.whl", hash = "sha256:d543935963e8937321f5895569d3d362c6730376b518eab281597b071b3a09f5", size = 3283013, upload-time = "2026-07-31T00:17:35.52Z" },
    { url = "https://files.pythonhosted.org/packages/07/86/223d0a9cfc34909cc2f8a7e57a63bc7a8429a5e92c52964fbb27061313bd/pytakumi-0.1.4-cp313-cp313-macosx_11_0_x86_64.whl", hash = "sha256:c7402ea688b29e2dd7db38f44d3174de607dc25a1a4d7c6d5505998ea8ec9a06", size = 3609383, upload-time = "2026-07-31T00:17:36.951Z" },
    { url = "https://files.pythonhosted.org/packages/b9/50/94871d96c7ab2a19058b3224f2c62acdff2b57b84ce6f3e5f926eab1e2ea/pytakumi-0.1.4-cp313-cp313-manylinux_2_28_aarch64.whl", hash = "sha256:7c462d81e3745333ec30a8c73b6e603fe7c2df0f5af5cb7ae062fadffbb3837f", size = 3534337, upload-time = "2026-07-31T00:17:38.504Z" },
    { url = "https://files.pythonhosted.org/packages/03/f3/d89acf818a0ddb9ca61a1d2eb5f3e9934ec454b2a74aa88fad4e9a28a4b4/pytakumi-0.1.4-cp313-cp313-manylinux_2_28_x86_64.whl", hash = "sha256:f0d2ddf1cc9f763f358d479dcaa4d0fe04e7c1079a6c207987995846235c90e0", size = 3826929, upload-time = "2026-07-31T00:17:39.928Z" },
    { url = "https://files.pythonhosted.org/packages/77/da/6e2385053fb726d2140206d3c0955ae5bdb5d5d89d384a1b2d5eab3943ed/pytakumi-0.1.4-cp313-cp313-musllinux_1_2_aarch64.whl", hash = "sha256:884ed5bb2c8ea449b3de133303253678a42fa7a00b002562c09e8bd7acdaed7a", size = 3602310, upload-time = "2026-07-31T00:17:41.332Z" },
    { url = "https://files.pythonhosted.org/packages/94/2c/582cf009b7d84bc3dbfd08df3e74a5a0615f9b1f7ede84c5fa8080589820/pytakumi-0.1.4-cp313-cp313-musllinux_1_2_x86_64.whl", hash = "sha256:31a5d17670696a8f9250fc66947cfa45d9313fd3a61fc677023259b6ceaa8be5", size = 3943473, upload-time = "2026-07-31T00:17:42.809Z" },
    { url = "https://files.pythonhosted.org/packages/b0/63/5c3bb9a5fa28986cb96a20b725c9287a1c8dcb580d89877eb602a05978ac/pytakumi-0.1.4-cp313-cp313-win_amd64.whl", hash = "sha256:25329daf8b3a06f6d5f41686d63d01b1ade1ab75a0eff26dfa988bbca8b2ae2e", size = 3613795, upload-time = "2026-07-31T00:17:44.467Z" },
    { url = "https://files.pythonhosted.org/packages/fa/4a/70b3f5da1b4e6cc4c3b0243b191cb0a70576606cc114aad057c6dd3fe690/pytakumi-0.1.4-cp313-cp313-win_arm64.whl", hash = "sha256:dc46b40bf64ff1230860406515e7fa43a868b2a71c6229b7221ba5e89c017a61", size = 3362307, upload-time = "2026-07-31T00:17:46.058Z" },
    { url = "https://files.pythonhosted.org/packages/e5/6a/27d9a180059738cda9a538873eb6f91e62586b3f5622a90d96a5252ade28/pytakumi-0.1.4-cp314-cp314-macosx_11_0_arm64.whl", hash = "sha256:81b161e47aead98acb903736fe41d8d4a4dae1d115b70b378ebbce0d08416f95", size = 3282807, upload-time = "2026-07-31T00:17:47.585Z" },
    { url = "https://files.pythonhosted.org/packages/3a/89/4412612d5ab24deca4df18ddace09acd391e425f496fcf0e769e034edf3b/pytakumi-0.1.4-cp314-cp314-macosx_11_0_x86_64.whl", hash = "sha256:e096374e0fe317afe58ad502829e3bc3e1e2762e1e07577b352c6ee70258e7e8", size = 3608774, upload-time = "2026-07-31T00:17:49.031Z" },
    { url = "https://files.pythonhosted.org/packages/52/98/6f20483298ed7a957d27b4086b44dac5d3a07758f33843b2285340f446c8/pytakumi-0.1.4-cp314-cp314-manylinux_2_28_aarch64.whl", hash = "sha256:b39b64e0886dfecebd8638f00848875386d00a003b7acc07d664086e2bb3f576", size = 3532661, upload-time = "2026-07-31T00:17:50.778Z" },
    { url = "https://files.pythonhosted.org/packages/63/ca/e1f8da9e9bee0b5008077a36521966c564c980120bba172685b955965345/pytakumi-0.1.4-cp314-cp314-manylinux_2_28_x86_64.whl", hash = "sha256:fbb07a62dba5daf7da76833f3d3421c20b9a245ba239db031ef0698e6c59672c", size = 3825625, upload-time = "2026-07-31T00:17:52.367Z" },
    { url = "https://files.pythonhosted.org/packages/18/3f/0d5bb141d67ef54d4b7b68b55a180ac40b5d4e2f09e8c833520f8b85a3c3/pytakumi-0.1.4-cp314-cp314-musllinux_1_2_aarch64.whl", hash = "sha256:e3043d090f0cf962a5e424e2566315cbe22e22b5331a22eb2307e5cfa9467a1d", size = 3600337, upload-time = "2026-07-31T00:17:53.956Z" },
    { url = "https://files.pythonhosted.org/packages/d8/07/105df20349d807611fe3671d8146384d8d6a98b38d04c46de5b2d285b1f8/pytakumi-0.1.4-cp314-cp314-musllinux_1_2_x86_64.whl", hash = "sha256:b412e2614feaf22d9306d934c9166d84d68fd173495b0207ff913a7cfef4c787", size = 3941276, upload-time = "2026-07-31T00:17:55.379Z" },
    { url = "https://files.pythonhosted.org/packages/c1/db/28dd396f362c4c5093490e32b4dfdd4cbefaa0872adee6bf40b03591c49c/pytakumi-0.1.4-cp314-cp314-win_amd64.whl", hash = "sha256:542f5ca1b0a543d5f225334bacc5ed3be959dfcdc04063aafe6edf94dd7691ec", size = 3613779, upload-time = "2026-07-31T00:17:57.166Z" },
    { url = "https://files.pythonhosted.org/packages/f7/3f/f953fa1ebdc78cbecc14c6d39c7b834617c82b03d47a809df8a5e966fb91/pytakumi-0.1.4-cp314-cp314-win_arm64.whl", hash = "sha256:085034afb5973a19d955e256e15d1ed00d0050e2c37546bbfbe4e8595fd1fda6", size = 3362378, upload-time = "2026-07-31T00:17:58.83Z" },
    { url = "https://files.pythonhosted.org/packages/92/0a/82d3776a717947900420f9e17a6f7967471d7b485efbf576bcea1129aee2/pytakumi-0.1.4-cp314-cp314t-macosx_11_0_arm64.whl", hash = "sha256:206408e793436d4adf0794dd8db443dea35247892ff8b66f98d38cd30741f579", size = 3280537, upload-time = "2026-07-31T00:18:00.258Z" },
    { url = "https://files.pythonhosted.org/packages/f1/8a/e40624ab9e7356896e90d040c4823e637fc4e2d704a39aae48bdb004d5de/pytakumi-0.1.4-cp314-cp314t-macosx_11_0_x86_64.whl", hash = "sha256:6f16550dbde23bd0a6cba5e7c7fd093a564f66e28ef9d47c5d37c10fbab479a2", size = 3606348, upload-time = "2026-07-31T00:18:01.608Z" },
    { url = "https://files.pythonhosted.org/packages/6c/7a/22198f9863f76033356c89f7fa669f92c140b2ae8d349fd3cbb86d8753c5/pytakumi-0.1.4-cp314-cp314t-manylinux_2_28_aarch64.whl", hash = "sha256:2f06ba5fd73c065c05619fecadbb0069d8636e2d40f7cfb3445cc5afdffa9287", size = 3529878, upload-time = "2026-07-31T00:18:02.997Z" },
    { url = "https://files.pythonhosted.org/packages/59/00/6253bcd4d265346621425acf3f20b357f96f667594419807a439524d0aa9/pytakumi-0.1.4-cp314-cp314t-manylinux_2_28_x86_64.whl", hash = "sha256:226f00a78c089f7fbc7367b1c8cab1001e4ab31812562514fcdbcd9564067955", size = 3824022, upload-time = "2026-07-31T00:18:04.342Z" },
    { url = "https://files.pythonhosted.org/packages/1f/b8/a7357f161c37fa9312919b65d2b907ce69da2d5b5114071e58bb60651b2b/pytakumi-0.1.4-cp314-cp314t-musllinux_1_2_aarch64.whl", hash = "sha256:54001e49c60c2c6b4734028c0f14eb1bf77c466101466fb013ab913945887150", size = 3598593, upload-time = "2026-07-31T00:18:05.82Z" },
    { url = "https://files.pythonhosted.org/packages/80/4b/74f4edf0e593518c1175b2f83b22e68ce1c0a02929a7404c8d415a4c4e18/pytakumi-0.1.4-cp314-cp314t-musllinux_1_2_x86_64.whl", hash = "sha256:868b4eda7b7d7dec7e06e949d6e8342520810d709d62715045681e9407216901", size = 3939062, upload-time = "2026-07-31T00:18:07.295Z" },
    { url = "https://files.pythonhosted.org/packages/5c/7c/6d7f02751783a21bf5747cfe2fa51d6c3d0ae881899269044713f37b4c7c/pytakumi-0.1.4-cp314-cp314t-win_amd64.whl", hash = "sha256:144076d9e43cdef66c6cccbaf13e36f0e5ce0c9bdce21f4683de8d8f7184e36e", size = 3613023, upload-time = "2026-07-31T00:18:08.961Z" },
    { url = "https://files.pythonhosted.org/packages/1f/97/a919ec1f5d1b9f88eb56dd9f1cda818180183fb73f928ea10f465343b8da/pytakumi-0.1.4-cp314-cp314t-win_arm64.whl", hash = "sha256:c8a833a2728643da4b8bd2b410554f51fbcda2a1c665f8d8804650a70804b75a", size = 3361093, upload-time = "2026-07-31T00:18:10.458Z" },
]

[[package]]
name = "six"
version = "1.17.0"
source = { registry = "https://pypi.org/simple" }
sdist = { url = "https://files.pythonhosted.org/packages/94/e7/b2c673351809dca68a0e064b6af791aa332cf192da575fd474ed7d6f16a2/six-1.17.0.tar.gz", hash = "sha256:ff70335d468e7eb6ec65b95b99d3a2836546063f63acc5171de367e834932a81", size = 34031, upload-time = "2024-12-04T17:35:28.174Z" }
wheels = [
    { url = "https://files.pythonhosted.org/packages/b7/ce/149a00dd41f10bc29e5921b496af8b574d8413afcd5e30dfa0ed46c2cc5e/six-1.17.0-py2.py3-none-any.whl", hash = "sha256:4721f391ed90541fddacab5acf947aa0d3dc7d27b2e1e8eda2be8970586c3274", size = 11050, upload-time = "2024-12-04T17:35:26.475Z" },
]

[[package]]
name = "typing-extensions"
version = "4.16.0"
source = { registry = "https://pypi.org/simple" }
sdist = { url = "https://files.pythonhosted.org/packages/f6/cc/6253133b5bb138fc3306cebfbda2c520f545d36b5be2c7255cc528bb45d6/typing_extensions-4.16.0.tar.gz", hash = "sha256:dc983d19a509c94dba722ee6abd33940f7c05a89e243c47e907eb4db6f1a43e5", size = 113555, upload-time = "2026-07-02T08:40:05.92Z" }
wheels = [
    { url = "https://files.pythonhosted.org/packages/49/d3/b8441a820a491ddfc024b0b0cf0393375b75ea13866d9c66727e54c2fc80/typing_extensions-4.16.0-py3-none-any.whl", hash = "sha256:481caa481374e813c1b176ada14e97f1f67a4539ce9cfeb3f350d78d6370c2e8", size = 45571, upload-time = "2026-07-02T08:40:04.659Z" },
]

[[package]]
name = "videoresolver"
version = "1.2.32"
source = { virtual = "." }
dependencies = [
    { name = "aiofiles" },
    { name = "httpx" },
    { name = "pyexecjs" },
    { name = "pytakumi" },
    { name = "yt-dlp" },
]

[package.metadata]
requires-dist = [
    { name = "aiofiles", specifier = ">=24.1.0" },
    { name = "httpx", specifier = ">=0.27.0" },
    { name = "pyexecjs", specifier = ">=1.5.1" },
    { name = "pytakumi", specifier = ">=0.1.0" },
    { name = "yt-dlp", specifier = ">=2024.11.18" },
]

[[package]]
name = "yt-dlp"
version = "2026.8.19"
source = { registry = "https://pypi.org/simple" }
sdist = { url = "https://files.pythonhosted.org/packages/1e/e0/832fa4ca334b766a06933a196066edc3dba37cdb6f14cd98d59bcc69a4b4/yt_dlp-2026.8.19.tar.gz", hash = "sha256:9e213e48cea35c66b378e4447903f118f6392a5fa380a2b6d7070ec86f4e0af1", size = 3052025, upload-time = "2026-08-19T23:48:59.291Z" }
wheels = [
    { url = "https://files.pythonhosted.org/packages/69/b2/8cd1613f56eed7ceb64fbd4df3f1c01246bfb098e6f398228bafda22b80b/yt_dlp-2026.8.19-py3-none-any.whl", hash = "sha256:1d57897e94c6665a0a6f9bc54b34e584284e32c034ffab3a7df25d8f7b24eedf", size = 3185533, upload-time = "2026-08-19T23:48:56.925Z" },
]
